// !$*UTF8*$!
{
	archiveVersion = 1;
	classes = {
	};
	objectVersion = 51;
	objects = {

/* Begin PBXBuildFile section */
		CC12869A2500D7C000C199A0 /* AppDelegate.swift in Sources */ = {isa = PBXBuildFile; fileRef = CC1286992500D7C000C199A0 /* AppDelegate.swift */; };
		CC12869C2500D7C000C199A0 /* SceneDelegate.swift in Sources */ = {isa = PBXBuildFile; fileRef = CC12869B2500D7C000C199A0 /* SceneDelegate.swift */; };
		CC12869E2500D7C000C199A0 /* ViewController.swift in Sources */ = {isa = PBXBuildFile; fileRef = CC12869D2500D7C000C199A0 /* ViewController.swift */; };
		CC1286A12500D7C000C199A0 /* Main.storyboard in Resources */ = {isa = PBXBuildFile; fileRef = CC12869F2500D7C000C199A0 /* Main.storyboard */; };
		CC1286A32500D7C300C199A0 /* Assets.xcassets in Resources */ = {isa = PBXBuildFile; fileRef = CC1286A22500D7C300C199A0 /* Assets.xcassets */; };
		CC1286A62500D7C300C199A0 /* LaunchScreen.storyboard in Resources */ = {isa = PBXBuildFile; fileRef = CC1286A42500D7C300C199A0 /* LaunchScreen.storyboard */; };
		CC1286AE2500DE5700C199A0 /* Video.mp4 in Resources */ = {isa = PBXBuildFile; fileRef = CC1286AD2500DE5700C199A0 /* Video.mp4 */; };
		CC1286B02500DF8600C199A0 /* MyTableViewCell.swift in Sources */ = {isa = PBXBuildFile; fileRef = CC1286AF2500DF8600C199A0 /* MyTableViewCell.swift */; };
		D247BEA42A9DAC486C3D629C /* Pods_Test_Project.framework in Frameworks */ = {isa = PBXBuildFile; fileRef = 61C4B745C93C12A4E18C4102 /* Pods_Test_Project.framework */; };
/* End PBXBuildFile section */

/* Begin PBXFileReference section */
		61C4B745C93C12A4E18C4102 /* Pods_Test_Project.framework */ = {isa = PBXFileReference; explicitFileType = wrapper.framework; includeInIndex = 0; path = Pods_Test_Project.framework; sourceTree = BUILT_PRODUCTS_DIR; };
		928B38DD690F13CF40FD273C /* Pods-Test Project.release.xcconfig */ = {isa = PBXFileReference; includeInIndex = 1; lastKnownFileType = text.xcconfig; name = "Pods-Test Project.release.xcconfig"; path = "Target Support Files/Pods-Test Project/Pods-Test Project.release.xcconfig"; sourceTree = "<group>"; };
		B2E0A811F9D8DE88C3C6DC45 /* Pods-Test Project.debug.xcconfig */ = {isa = PBXFileReference; includeInIndex = 1; lastKnownFileType = text.xcconfig; name = "Pods-Test Project.debug.xcconfig"; path = "Target Support Files/Pods-Test Project/Pods-Test Project.debug.xcconfig"; sourceTree = "<group>"; };
		CC1286962500D7C000C199A0 /* Test Project.app */ = {isa = PBXFileReference; explicitFileType = wrapper.application; includeInIndex = 0; path = "Test Project.app"; sourceTree = BUILT_PRODUCTS_DIR; };
		CC1286992500D7C000C199A0 /* AppDelegate.swift */ = {isa = PBXFileReference; lastKnownFileType = sourcecode.swift; path = AppDelegate.swift; sourceTree = "<group>"; };
		CC12869B2500D7C000C199A0 /* SceneDelegate.swift */ = {isa = PBXFileReference; lastKnownFileType = sourcecode.swift; path = SceneDelegate.swift; sourceTree = "<group>"; };
		CC12869D2500D7C000C199A0 /* ViewController.swift */ = {isa = PBXFileReference; lastKnownFileType = sourcecode.swift; path = ViewController.swift; sourceTree = "<group>"; };
		CC1286A02500D7C000C199A0 /* Base */ = {isa = PBXFileReference; lastKnownFileType = file.storyboard; name = Base; path = Base.lproj/Main.storyboard; sourceTree = "<group>"; };
		CC1286A22500D7C300C199A0 /* Assets.xcassets */ = {isa = PBXFileReference; lastKnownFileType = folder.assetcatalog; path = Assets.xcassets; sourceTree = "<group>"; };
		CC1286A52500D7C300C199A0 /* Base */ = {isa = PBXFileReference; lastKnownFileType = file.storyboard; name = Base; path = Base.lproj/LaunchScreen.storyboard; sourceTree = "<group>"; };
		CC1286A72500D7C300C199A0 /* Info.plist */ = {isa = PBXFileReference; lastKnownFileType = text.plist.xml; path = Info.plist; sourceTree = "<group>"; };
		CC1286AD2500DE5700C199A0 /* Video.mp4 */ = {isa = PBXFileReference; lastKnownFileType = file; path = Video.mp4; sourceTree = "<group>"; };
		CC1286AF2500DF8600C199A0 /* MyTableViewCell.swift */ = {isa = PBXFileReference; lastKnownFileType = sourcecode.swift; path = MyTableViewCell.swift; sourceTree = "<group>"; };
/* End PBXFileReference section */

/* Begin PBXFrameworksBuildPhase section */
		CC1286932500D7C000C199A0 /* Frameworks */ = {
			isa = PBXFrameworksBuildPhase;
			buildActionMask = 2147483647;
			files = (
				D247BEA42A9DAC486C3D629C /* Pods_Test_Project.framework in Frameworks */,
			);
			runOnlyForDeploymentPostprocessing = 0;
		};
/* End PBXFrameworksBuildPhase section */

/* Begin PBXGroup section */
		63284D297936C99EDE9E41A8 /* Frameworks */ = {
			isa = PBXGroup;
			children = (
				61C4B745C93C12A4E18C4102 /* Pods_Test_Project.framework */,
			);
			name = Frameworks;
			sourceTree = "<group>";
		};
		8F586EF15DE4AC4071E3A722 /* Pods */ = {
			isa = PBXGroup;
			children = (
				B2E0A811F9D8DE88C3C6DC45 /* Pods-Test Project.debug.xcconfig */,
				928B38DD690F13CF40FD273C /* Pods-Test Project.release.xcconfig */,
			);
			path = Pods;
			sourceTree = "<group>";
		};
		CC12868D2500D7C000C199A0 = {
			isa = PBXGroup;
			children = (
				CC1286AD2500DE5700C199A0 /* Video.mp4 */,
				CC1286982500D7C000C199A0 /* Test Project */,
				CC1286972500D7C000C199A0 /* Products */,
				8F586EF15DE4AC4071E3A722 /* Pods */,
				63284D297936C99EDE9E41A8 /* Frameworks */,
			);
			sourceTree = "<group>";
		};
		CC1286972500D7C000C199A0 /* Products */ = {
			isa = PBXGroup;
			children = (
				CC1286962500D7C000C199A0 /* Test Project.app */,
			);
			name = Products;
			sourceTree = "<group>";
		};
		CC1286982500D7C000C199A0 /* Test Project */ = {
			isa = PBXGroup;
			children = (
				CC1286992500D7C000C199A0 /* AppDelegate.swift */,
				CC12869B2500D7C000C199A0 /* SceneDelegate.swift */,
				CC12869D2500D7C000C199A0 /* ViewController.swift */,
				CC1286AF2500DF8600C199A0 /* MyTableViewCell.swift */,
				CC12869F2500D7C000C199A0 /* Main.storyboard */,
				CC1286A22500D7C300C199A0 /* Assets.xcassets */,
				CC1286A42500D7C300C199A0 /* LaunchScreen.storyboard */,
				CC1286A72500D7C300C199A0 /* Info.plist */,
			);
			path = "Test Project";
			sourceTree = "<group>";
		};
/* End PBXGroup section */

/* Begin PBXNativeTarget section */
		CC1286952500D7C000C199A0 /* Test Project */ = {
			isa = PBXNativeTarget;
			buildConfigurationList = CC1286AA2500D7C300C199A0 /* Build configuration list for PBXNativeTarget "Test Project" */;
			buildPhases = (
				1C347DC25E79D81CD683253C /* [CP] Check Pods Manifest.lock */,
				CC1286922500D7C000C199A0 /* Sources */,
				CC1286932500D7C000C199A0 /* Frameworks */,
				CC1286942500D7C000C199A0 /* Resources */,
				6AACFF7705EC3F047BF457E3 /* [CP] Embed Pods Frameworks */,
			);
			buildRules = (
			);
			dependencies = (
			);
			name = "Test Project";
			productName = "Test Project";
			productReference = CC1286962500D7C000C199A0 /* Test Project.app */;
			productType = "com.apple.product-type.application";
		};
/* End PBXNativeTarget section */

/* Begin PBXProject section */
		CC12868E2500D7C000C199A0 /* Project object */ = {
			isa = PBXProject;
			attributes = {
				LastSwiftUpdateCheck = 1160;
				LastUpgradeCheck = 1160;
				ORGANIZATIONNAME = "Gag Mkrtchyan";
				TargetAttributes = {
					CC1286952500D7C000C199A0 = {
						CreatedOnToolsVersion = 11.6;
					};
				};
			};
			buildConfigurationList = CC1286912500D7C000C199A0 /* Build configuration list for PBXProject "Test Project" */;
			compatibilityVersion = "Xcode 9.3";
			developmentRegion = en;
			hasScannedForEncodings = 0;
			knownRegions = (
				en,
				Base,
			);
			mainGroup = CC12868D2500D7C000C199A0;
			productRefGroup = CC1286972500D7C000C199A0 /* Products */;
			projectDirPath = "";
			projectRoot = "";
			targets = (
				CC1286952500D7C000C199A0 /* Test Project */,
			);
		};
/* End PBXProject section */

/* Begin PBXResourcesBuildPhase section */
		CC1286942500D7C000C199A0 /* Resources */ = {
			isa = PBXResourcesBuildPhase;
			buildActionMask = 2147483647;
			files = (
				CC1286A62500D7C300C199A0 /* LaunchScreen.storyboard in Resources */,
				CC1286A32500D7C300C199A0 /* Assets.xcassets in Resources */,
				CC1286A12500D7C000C199A0 /* Main.storyboard in Resources */,
				CC1286AE2500DE5700C199A0 /* Video.mp4 in Resources */,
			);
			runOnlyForDeploymentPostprocessing = 0;
		};
/* End PBXResourcesBuildPhase section */

/* Begin PBXShellScriptBuildPhase section */
		1C347DC25E79D81CD683253C /* [CP] Check Pods Manifest.lock */ = {
			isa = PBXShellScriptBuildPhase;
			buildActionMask = 2147483647;
			files = (
			);
			inputFileListPaths = (
			);
			inputPaths = (
				"${PODS_PODFILE_DIR_PATH}/Podfile.lock",
				"${PODS_ROOT}/Manifest.lock",
			);
			name = "[CP] Check Pods Manifest.lock";
			outputFileListPaths = (
			);
			outputPaths = (
				"$(DERIVED_FILE_DIR)/Pods-Test Project-checkManifestLockResult.txt",
			);
			runOnlyForDeploymentPostprocessing = 0;
			shellPath = /bin/sh;
			shellScript = "diff \"${PODS_PODFILE_DIR_PATH}/Podfile.lock\" \"${PODS_ROOT}/Manifest.lock\" > /dev/null\nif [ $? != 0 ] ; then\n    # print error to STDERR\n    echo \"error: The sandbox is not in sync with the Podfile.lock. Run 'pod install' or update your CocoaPods installation.\" >&2\n    exit 1\nfi\n# This output is used by Xcode 'outputs' to avoid re-running this script phase.\necho \"SUCCESS\" > \"${SCRIPT_OUTPUT_FILE_0}\"\n";
			showEnvVarsInLog = 0;
		};
		6AACFF7705EC3F047BF457E3 /* [CP] Embed Pods Frameworks */ = {
			isa = PBXShellScriptBuildPhase;
			buildActionMask = 2147483647;
			files = (
			);
			inputFileListPaths = (
				"${PODS_ROOT}/Target Support Files/Pods-Test Project/Pods-Test Project-frameworks-${CONFIGURATION}-input-files.xcfilelist",
			);
			name = "[CP] Embed Pods Frameworks";
			outputFileListPaths = (
				"${PODS_ROOT}/Target Support Files/Pods-Test Project/Pods-Test Project-frameworks-${CONFIGURATION}-output-files.xcfilelist",
			);
			runOnlyForDeploymentPostprocessing = 0;
			shellPath = /bin/sh;
			shellScript = "\"${PODS_ROOT}/Target Support Files/Pods-Test Project/Pods-Test Project-frameworks.sh\"\n";
			showEnvVarsInLog = 0;
		};
/* End PBXShellScriptBuildPhase section */

/* Begin PBXSourcesBuildPhase section */
		CC1286922500D7C000C199A0 /* Sources */ = {
			isa = PBXSourcesBuildPhase;
			buildActionMask = 2147483647;
			files = (
				CC12869E2500D7C000C199A0 /* ViewController.swift in Sources */,
				CC1286B02500DF8600C199A0 /* MyTableViewCell.swift in Sources */,
				CC12869A2500D7C000C199A0 /* AppDelegate.swift in Sources */,
				CC12869C2500D7C000C199A0 /* SceneDelegate.swift in Sources */,
			);
			runOnlyForDeploymentPostprocessing = 0;
		};
/* End PBXSourcesBuildPhase section */

/* Begin PBXVariantGroup section */
		CC12869F2500D7C000C199A0 /* Main.storyboard */ = {
			isa = PBXVariantGroup;
			children = (
				CC1286A02500D7C000C199A0 /* Base */,
			);
			name = Main.storyboard;
			sourceTree = "<group>";
		};
		CC1286A42500D7C300C199A0 /* LaunchScreen.storyboard */ = {
			isa = PBXVariantGroup;
			children = (
				CC1286A52500D7C300C199A0 /* Base */,
			);
			name = LaunchScreen.storyboard;
			sourceTree = "<group>";
		};
/* End PBXVariantGroup section */

/* Begin XCBuildConfiguration section */
		CC1286A82500D7C300C199A0 /* Debug */ = {
			isa = XCBuildConfiguration;
			buildSettings = {
				ALWAYS_SEARCH_USER_PATHS = NO;
				CLANG_ANALYZER_NONNULL = YES;
				CLANG_ANALYZER_NUMBER_OBJECT_CONVERSION = YES_AGGRESSIVE;
				CLANG_CXX_LANGUAGE_STANDARD = "gnu++14";
				CLANG_CXX_LIBRARY = "libc++";
				CLANG_ENABLE_MODULES = YES;
				CLANG_ENABLE_OBJC_ARC = YES;
				CLANG_ENABLE_OBJC_WEAK = YES;
				CLANG_WARN_BLOCK_CAPTURE_AUTORELEASING = YES;
				CLANG_WARN_BOOL_CONVERSION = YES;
				CLANG_WARN_COMMA = YES;
				CLANG_WARN_CONSTANT_CONVERSION = YES;
				CLANG_WARN_DEPRECATED_OBJC_IMPLEMENTATIONS = YES;
				CLANG_WARN_DIRECT_OBJC_ISA_USAGE = YES_ERROR;
				CLANG_WARN_DOCUMENTATION_COMMENTS = YES;
				CLANG_WARN_EMPTY_BODY = YES;
				CLANG_WARN_ENUM_CONVERSION = YES;
				CLANG_WARN_INFINITE_RECURSION = YES;
				CLANG_WARN_INT_CONVERSION = YES;
				CLANG_WARN_NON_LITERAL_NULL_CONVERSION = YES;
				CLANG_WARN_OBJC_IMPLICIT_RETAIN_SELF = YES;
				CLANG_WARN_OBJC_LITERAL_CONVERSION = YES;
				CLANG_WARN_OBJC_ROOT_CLASS = YES_ERROR;
				CLANG_WARN_RANGE_LOOP_ANALYSIS = YES;
				CLANG_WARN_STRICT_PROTOTYPES = YES;
				CLANG_WARN_SUSPICIOUS_MOVE = YES;
				CLANG_WARN_UNGUARDED_AVAILABILITY = YES_AGGRESSIVE;
				CLANG_WARN_UNREACHABLE_CODE = YES;
				CLANG_WARN__DUPLICATE_METHOD_MATCH = YES;
				COPY_PHASE_STRIP = NO;
				DEBUG_INFORMATION_FORMAT = dwarf;
				ENABLE_STRICT_OBJC_MSGSEND = YES;
				ENABLE_TESTABILITY = YES;
				GCC_C_LANGUAGE_STANDARD = gnu11;
				GCC_DYNAMIC_NO_PIC = NO;
				GCC_NO_COMMON_BLOCKS = YES;
				GCC_OPTIMIZATION_LEVEL = 0;
				GCC_PREPROCESSOR_DEFINITIONS = (
					"DEBUG=1",
					"$(inherited)",
				);
				GCC_WARN_64_TO_32_BIT_CONVERSION = YES;
				GCC_WARN_ABOUT_RETURN_TYPE = YES_ERROR;
				GCC_WARN_UNDECLARED_SELECTOR = YES;
				GCC_WARN_UNINITIALIZED_AUTOS = YES_AGGRESSIVE;
				GCC_WARN_UNUSED_FUNCTION = YES;
				GCC_WARN_UNUSED_VARIABLE = YES;
				IPHONEOS_DEPLOYMENT_TARGET = 13.6;
				MTL_ENABLE_DEBUG_INFO = INCLUDE_SOURCE;
				MTL_FAST_MATH = YES;
				ONLY_ACTIVE_ARCH = YES;
				SDKROOT = iphoneos;
				SWIFT_ACTIVE_COMPILATION_CONDITIONS = DEBUG;
				SWIFT_OPTIMIZATION_LEVEL = "-Onone";
			};
			name = Debug;
		};
		CC1286A92500D7C300C199A0 /* Release */ = {
			isa = XCBuildConfiguration;
			buildSettings = {
				ALWAYS_SEARCH_USER_PATHS = NO;
				CLANG_ANALYZER_NONNULL = YES;
				CLANG_ANALYZER_NUMBER_OBJECT_CONVERSION = YES_AGGRESSIVE;
				CLANG_CXX_LANGUAGE_STANDARD = "gnu++14";
				CLANG_CXX_LIBRARY = "libc++";
				CLANG_ENABLE_MODULES = YES;
				CLANG_ENABLE_OBJC_ARC = YES;
				CLANG_ENABLE_OBJC_WEAK = YES;
				CLANG_WARN_BLOCK_CAPTURE_AUTORELEASING = YES;
				CLANG_WARN_BOOL_CONVERSION = YES;
				CLANG_WARN_COMMA = YES;
				CLANG_WARN_CONSTANT_CONVERSION = YES;
				CLANG_WARN_DEPRECATED_OBJC_IMPLEMENTATIONS = YES;
				CLANG_WARN_DIRECT_OBJC_ISA_USAGE = YES_ERROR;
				CLANG_WARN_DOCUMENTATION_COMMENTS = YES;
				CLANG_WARN_EMPTY_BODY = YES;
				CLANG_WARN_ENUM_CONVERSION = YES;
				CLANG_WARN_INFINITE_RECURSION = YES;
				CLANG_WARN_INT_CONVERSION = YES;
				CLANG_WARN_NON_LITERAL_NULL_CONVERSION = YES;
				CLANG_WARN_OBJC_IMPLICIT_RETAIN_SELF = YES;
				CLANG_WARN_OBJC_LITERAL_CONVERSION = YES;
				CLANG_WARN_OBJC_ROOT_CLASS = YES_ERROR;
				CLANG_WARN_RANGE_LOOP_ANALYSIS = YES;
				CLANG_WARN_STRICT_PROTOTYPES = YES;
				CLANG_WARN_SUSPICIOUS_MOVE = YES;
				CLANG_WARN_UNGUARDED_AVAILABILITY = YES_AGGRESSIVE;
				CLANG_WARN_UNREACHABLE_CODE = YES;
				CLANG_WARN__DUPLICATE_METHOD_MATCH = YES;
				COPY_PHASE_STRIP = NO;
				DEBUG_INFORMATION_FORMAT = "dwarf-with-dsym";
				ENABLE_NS_ASSERTIONS = NO;
				ENABLE_STRICT_OBJC_MSGSEND = YES;
				GCC_C_LANGUAGE_STANDARD = gnu11;
				GCC_NO_COMMON_BLOCKS = YES;
				GCC_WARN_64_TO_32_BIT_CONVERSION = YES;
				GCC_WARN_ABOUT_RETURN_TYPE = YES_ERROR;
				GCC_WARN_UNDECLARED_SELECTOR = YES;
				GCC_WARN_UNINITIALIZED_AUTOS = YES_AGGRESSIVE;
				GCC_WARN_UNUSED_FUNCTION = YES;
				GCC_WARN_UNUSED_VARIABLE = YES;
				IPHONEOS_DEPLOYMENT_TARGET = 13.6;
				MTL_ENABLE_DEBUG_INFO = NO;
				MTL_FAST_MATH = YES;
				SDKROOT = iphoneos;
				SWIFT_COMPILATION_MODE = wholemodule;
				SWIFT_OPTIMIZATION_LEVEL = "-O";
				VALIDATE_PRODUCT = YES;
			};
			name = Release;
		};
		CC1286AB2500D7C300C199A0 /* Debug */ = {
			isa = XCBuildConfiguration;
			baseConfigurationReference = B2E0A811F9D8DE88C3C6DC45 /* Pods-Test Project.debug.xcconfig */;
			buildSettings = {
				ASSETCATALOG_COMPILER_APPICON_NAME = AppIcon;
				CODE_SIGN_STYLE = Automatic;
				DEVELOPMENT_TEAM = 65DDDL4Z79;
				INFOPLIST_FILE = "Test Project/Info.plist";
				LD_RUNPATH_SEARCH_PATHS = (
					"$(inherited)",
					"@executable_path/Frameworks",
				);
				PRODUCT_BUNDLE_IDENTIFIER = "test.com.Test-Project";
				PRODUCT_NAME = "$(TARGET_NAME)";
				SWIFT_VERSION = 5.0;
				TARGETED_DEVICE_FAMILY = "1,2";
			};
			name = Debug;
		};
		CC1286AC2500D7C300C199A0 /* Release */ = {
			isa = XCBuildConfiguration;
			baseConfigurationReference = 928B38DD690F13CF40FD273C /* Pods-Test Project.release.xcconfig */;
			buildSettings = {
				ASSETCATALOG_COMPILER_APPICON_NAME = AppIcon;
				CODE_SIGN_STYLE = Automatic;
				DEVELOPMENT_TEAM = 65DDDL4Z79;
				INFOPLIST_FILE = "Test Project/Info.plist";
				LD_RUNPATH_SEARCH_PATHS = (
					"$(inherited)",
					"@executable_path/Frameworks",
				);
				PRODUCT_BUNDLE_IDENTIFIER = "test.com.Test-Project";
				PRODUCT_NAME = "$(TARGET_NAME)";
				SWIFT_VERSION = 5.0;
				TARGETED_DEVICE_FAMILY = "1,2";
			};
			name = Release;
		};
/* End XCBuildConfiguration section */

/* Begin XCConfigurationList section */
		CC1286912500D7C000C199A0 /* Build configuration list for PBXProject "Test Project" */ = {
			isa = XCConfigurationList;
			buildConfigurations = (
				CC1286A82500D7C300C199A0 /* Debug */,
				CC1286A92500D7C300C199A0 /* Release */,
			);
			defaultConfigurationIsVisible = 0;
			defaultConfigurationName = Release;
		};
		CC1286AA2500D7C300C199A0 /* Build configuration list for PBXNativeTarget "Test Project" */ = {
			isa = XCConfigurationList;
			buildConfigurations = (
				CC1286AB2500D7C300C199A0 /* Debug */,
				CC1286AC2500D7C300C199A0 /* Release */,
			);
			defaultConfigurationIsVisible = 0;
			defaultConfigurationName = Release;
		};
/* End XCConfigurationList section */
	};
	rootObject = CC12868E2500D7C000C199A0 /* Project object */;
}
